{
    "_readme": [
        "This file locks the dependencies of your project to a known state",
        "Read more about it at http://getcomposer.org/doc/01-basic-usage.md#composer-lock-the-lock-file",
        "This file is @generated automatically"
    ],
    "hash": "fcde127f9dd5dc9663085124c4c831fd",
    "packages": [
        {
            "name": "packaged/thrift",
            "version": "0.9.1",
            "source": {
                "type": "git",
                "url": "https://github.com/packaged/thrift.git",
                "reference": "6182fbddb47e8fe6898253e942d73f53d14b6d8c"
            },
            "dist": {
                "type": "zip",
                "url": "https://api.github.com/repos/packaged/thrift/zipball/6182fbddb47e8fe6898253e942d73f53d14b6d8c",
                "reference": "6182fbddb47e8fe6898253e942d73f53d14b6d8c",
                "shasum": ""
            },
            "require": {
                "php": ">=5.0.0"
            },
            "type": "library",
            "autoload": {
                "psr-0": {
                    "Thrift\\": "src/"
                }
            },
            "notification-url": "https://packagist.org/downloads/",
            "license": [
                "Apache-2.0"
            ],
            "description": "Apache Thrift",
            "homepage": "http://thrift.apache.org/",
            "keywords": [
                "apache",
                "thrift"
            ],
            "time": "2014-06-12 10:27:03"
        }
    ],
    "packages-dev": [

    ],
    "aliases": [

    ],
    "minimum-stability": "stable",
    "stability-flags": [

    ],
    "platform": [

    ],
    "platform-dev": [

    ]
}
